<?xml version="1.0" encoding="utf-8"?>
<Project ToolsVersion="4.0" xmlns="http://schemas.microsoft.com/developer/msbuild/2003">
  <ItemGroup>
    <Filter Include="Kaynak Dosyalar">
      <UniqueIdentifier>{F1BD3035-F2A5-47A4-AE5E-6DFB97464C3B}</UniqueIdentifier>
      <Extensions>cpp;c;cc;cxx;c++;cppm;ixx;def;odl;idl;hpj;bat;asm;asmx</Extensions>
    </Filter>
    <Filter Include="Üst Bilgi Dosyaları">
      <UniqueIdentifier>{955E4C7D-44A5-4B23-B0D0-394C3ACE8DC7}</UniqueIdentifier>
      <Extensions>h;hh;hpp;hxx;h++;hm;inl;inc;ipp;xsd</Extensions>
    </Filter>
    <Filter Include="Kaynak Dosyaları">
      <UniqueIdentifier>{164A45B9-311E-478E-BDB2-4AF700CCE21E}</UniqueIdentifier>
      <Extensions>rc;ico;cur;bmp;dlg;rc2;rct;bin;rgs;gif;jpg;jpeg;jpe;resx;tiff;tif;png;wav;mfcribbon-ms</Extensions>
    </Filter>
  </ItemGroup>
  <ItemGroup>
    <ClInclude Include="framework.h">
      <Filter>Üst Bilgi Dosyaları</Filter>
    </ClInclude>
    <ClInclude Include="targetver.h">
      <Filter>Üst Bilgi Dosyaları</Filter>
    </ClInclude>
    <ClInclude Include="Resource.h">
      <Filter>Üst Bilgi Dosyaları</Filter>
    </ClInclude>
    <ClInclude Include="Valorant Cheat.h">
      <Filter>Üst Bilgi Dosyaları</Filter>
    </ClInclude>
    <ClInclude Include="aimbotmath.h">
      <Filter>Üst Bilgi Dosyaları</Filter>
    </ClInclude>
    <ClInclude Include="LPD3DXFONT.h">
      <Filter>Üst Bilgi Dosyaları</Filter>
    </ClInclude>
    <ClInclude Include="players.h">
      <Filter>Üst Bilgi Dosyaları</Filter>
    </ClInclude>
  </ItemGroup>
  <ItemGroup>
    <ClCompile Include="Valorant Cheat.cpp">
      <Filter>Kaynak Dosyalar</Filter>
    </ClCompile>
    <ClCompile Include="box.cpp">
      <Filter>Kaynak Dosyalar</Filter>
    </ClCompile>
  </ItemGroup>
  <ItemGroup>
    <ResourceCompile Include="Valorant Cheat.rc">
      <Filter>Kaynak Dosyaları</Filter>
    </ResourceCompile>
  </ItemGroup>
  <ItemGroup>
    <Image Include="small.ico">
      <Filter>Kaynak Dosyaları</Filter>
    </Image>
    <Image Include="Valorant Cheat.ico">
      <Filter>Kaynak Dosyaları</Filter>
    </Image>
  </ItemGroup>
  <ItemGroup>
    <None Include="game-configurations\GAME.cfg" />
    <None Include="game-configurations\GAME.names" />
    <None Include="game-configurations\GAME.screenshots" />
    <None Include="game-configurations\GAME.weights" />
    <None Include="game-configurations\GAME_last.weights" />
  </ItemGroup>
</Project>